// !$*UTF8*$!
{
	archiveVersion = 1;
	classes = {
	};
	objectVersion = 51;
	objects = {

/* Begin PBXBuildFile section */
		2A94A8BB467E3A7C846F4626 /* Pods_iOS_Challange.framework in Frameworks */ = {isa = PBXBuildFile; fileRef = BDDF144F2C2C3B9D458796E5 /* Pods_iOS_Challange.framework */; };
		F018EB1C24E93F2400A2F4F1 /* SQLiteManager.swift in Sources */ = {isa = PBXBuildFile; fileRef = F018EB1B24E93F2400A2F4F1 /* SQLiteManager.swift */; };
		F0D232D024E80AB90094070C /* AppDelegate.swift in Sources */ = {isa = PBXBuildFile; fileRef = F0D232CF24E80AB90094070C /* AppDelegate.swift */; };
		F0D232D224E80AB90094070C /* SceneDelegate.swift in Sources */ = {isa = PBXBuildFile; fileRef = F0D232D124E80AB90094070C /* SceneDelegate.swift */; };
		F0D232D424E80AB90094070C /* ContentView.swift in Sources */ = {isa = PBXBuildFile; fileRef = F0D232D324E80AB90094070C /* ContentView.swift */; };
		F0D232D624E80ABA0094070C /* Assets.xcassets in Resources */ = {isa = PBXBuildFile; fileRef = F0D232D524E80ABA0094070C /* Assets.xcassets */; };
		F0D232E724E80B3D0094070C /* LoginViewController.swift in Sources */ = {isa = PBXBuildFile; fileRef = F0D232E524E80B3D0094070C /* LoginViewController.swift */; };
		F0D232E824E80B3D0094070C /* LoginViewController.xib in Resources */ = {isa = PBXBuildFile; fileRef = F0D232E624E80B3D0094070C /* LoginViewController.xib */; };
		F0D232EA24E80B500094070C /* LoginViewModel.swift in Sources */ = {isa = PBXBuildFile; fileRef = F0D232E924E80B500094070C /* LoginViewModel.swift */; };
		F0D232ED24E80EF10094070C /* UIView+Extensions.swift in Sources */ = {isa = PBXBuildFile; fileRef = F0D232EC24E80EF10094070C /* UIView+Extensions.swift */; };
/* End PBXBuildFile section */

/* Begin PBXFileReference section */
		078211529918576A738C84F4 /* Pods-iOS Challange.debug.xcconfig */ = {isa = PBXFileReference; includeInIndex = 1; lastKnownFileType = text.xcconfig; name = "Pods-iOS Challange.debug.xcconfig"; path = "Target Support Files/Pods-iOS Challange/Pods-iOS Challange.debug.xcconfig"; sourceTree = "<group>"; };
		431B3D9CA3E6A924ADCB8B43 /* Pods-iOS Challange.release.xcconfig */ = {isa = PBXFileReference; includeInIndex = 1; lastKnownFileType = text.xcconfig; name = "Pods-iOS Challange.release.xcconfig"; path = "Target Support Files/Pods-iOS Challange/Pods-iOS Challange.release.xcconfig"; sourceTree = "<group>"; };
		BDDF144F2C2C3B9D458796E5 /* Pods_iOS_Challange.framework */ = {isa = PBXFileReference; explicitFileType = wrapper.framework; includeInIndex = 0; path = Pods_iOS_Challange.framework; sourceTree = BUILT_PRODUCTS_DIR; };
		F01528CE24E8306900708E69 /* libsqlite3.tbd */ = {isa = PBXFileReference; lastKnownFileType = "sourcecode.text-based-dylib-definition"; name = libsqlite3.tbd; path = usr/lib/libsqlite3.tbd; sourceTree = SDKROOT; };
		F018EB1B24E93F2400A2F4F1 /* SQLiteManager.swift */ = {isa = PBXFileReference; lastKnownFileType = sourcecode.swift; path = SQLiteManager.swift; sourceTree = "<group>"; };
		F0D232CC24E80AB90094070C /* iOS Challange.app */ = {isa = PBXFileReference; explicitFileType = wrapper.application; includeInIndex = 0; path = "iOS Challange.app"; sourceTree = BUILT_PRODUCTS_DIR; };
		F0D232CF24E80AB90094070C /* AppDelegate.swift */ = {isa = PBXFileReference; lastKnownFileType = sourcecode.swift; path = AppDelegate.swift; sourceTree = "<group>"; };
		F0D232D124E80AB90094070C /* SceneDelegate.swift */ = {isa = PBXFileReference; lastKnownFileType = sourcecode.swift; path = SceneDelegate.swift; sourceTree = "<group>"; };
		F0D232D324E80AB90094070C /* ContentView.swift */ = {isa = PBXFileReference; lastKnownFileType = sourcecode.swift; path = ContentView.swift; sourceTree = "<group>"; };
		F0D232D524E80ABA0094070C /* Assets.xcassets */ = {isa = PBXFileReference; lastKnownFileType = folder.assetcatalog; path = Assets.xcassets; sourceTree = "<group>"; };
		F0D232DD24E80ABA0094070C /* Info.plist */ = {isa = PBXFileReference; lastKnownFileType = text.plist.xml; path = Info.plist; sourceTree = "<group>"; };
		F0D232E524E80B3D0094070C /* LoginViewController.swift */ = {isa = PBXFileReference; fileEncoding = 4; lastKnownFileType = sourcecode.swift; path = LoginViewController.swift; sourceTree = "<group>"; };
		F0D232E624E80B3D0094070C /* LoginViewController.xib */ = {isa = PBXFileReference; fileEncoding = 4; lastKnownFileType = file.xib; path = LoginViewController.xib; sourceTree = "<group>"; };
		F0D232E924E80B500094070C /* LoginViewModel.swift */ = {isa = PBXFileReference; lastKnownFileType = sourcecode.swift; path = LoginViewModel.swift; sourceTree = "<group>"; };
		F0D232EC24E80EF10094070C /* UIView+Extensions.swift */ = {isa = PBXFileReference; lastKnownFileType = sourcecode.swift; path = "UIView+Extensions.swift"; sourceTree = "<group>"; };
		F0F447D824E93B6A008F5559 /* iOS Challange-Bridging-Header.h */ = {isa = PBXFileReference; fileEncoding = 4; lastKnownFileType = sourcecode.c.h; path = "iOS Challange-Bridging-Header.h"; sourceTree = "<group>"; };
/* End PBXFileReference section */

/* Begin PBXFrameworksBuildPhase section */
		F0D232C924E80AB90094070C /* Frameworks */ = {
			isa = PBXFrameworksBuildPhase;
			buildActionMask = 2147483647;
			files = (
				2A94A8BB467E3A7C846F4626 /* Pods_iOS_Challange.framework in Frameworks */,
			);
			runOnlyForDeploymentPostprocessing = 0;
		};
/* End PBXFrameworksBuildPhase section */

/* Begin PBXGroup section */
		C952D3EF54D050F7ADB3EE44 /* Pods */ = {
			isa = PBXGroup;
			children = (
				078211529918576A738C84F4 /* Pods-iOS Challange.debug.xcconfig */,
				431B3D9CA3E6A924ADCB8B43 /* Pods-iOS Challange.release.xcconfig */,
			);
			path = Pods;
			sourceTree = "<group>";
		};
		DED10BFD4DEB8852937AA1DE /* Frameworks */ = {
			isa = PBXGroup;
			children = (
				F01528CE24E8306900708E69 /* libsqlite3.tbd */,
				BDDF144F2C2C3B9D458796E5 /* Pods_iOS_Challange.framework */,
			);
			name = Frameworks;
			sourceTree = "<group>";
		};
		F018EB1A24E93F1300A2F4F1 /* SQLite */ = {
			isa = PBXGroup;
			children = (
				F018EB1B24E93F2400A2F4F1 /* SQLiteManager.swift */,
			);
			path = SQLite;
			sourceTree = "<group>";
		};
		F0D232C324E80AB90094070C = {
			isa = PBXGroup;
			children = (
				F0D232CE24E80AB90094070C /* iOS Challange */,
				F0D232CD24E80AB90094070C /* Products */,
				C952D3EF54D050F7ADB3EE44 /* Pods */,
				DED10BFD4DEB8852937AA1DE /* Frameworks */,
			);
			sourceTree = "<group>";
		};
		F0D232CD24E80AB90094070C /* Products */ = {
			isa = PBXGroup;
			children = (
				F0D232CC24E80AB90094070C /* iOS Challange.app */,
			);
			name = Products;
			sourceTree = "<group>";
		};
		F0D232CE24E80AB90094070C /* iOS Challange */ = {
			isa = PBXGroup;
			children = (
				F018EB1A24E93F1300A2F4F1 /* SQLite */,
				F0D232EB24E80ED20094070C /* Extensions */,
				F0D232E324E80B240094070C /* Views */,
				F0D232CF24E80AB90094070C /* AppDelegate.swift */,
				F0D232D124E80AB90094070C /* SceneDelegate.swift */,
				F0D232D324E80AB90094070C /* ContentView.swift */,
				F0D232D524E80ABA0094070C /* Assets.xcassets */,
				F0D232DD24E80ABA0094070C /* Info.plist */,
				F0F447D824E93B6A008F5559 /* iOS Challange-Bridging-Header.h */,
			);
			path = "iOS Challange";
			sourceTree = "<group>";
		};
		F0D232E324E80B240094070C /* Views */ = {
			isa = PBXGroup;
			children = (
				F0D232E424E80B2A0094070C /* Login */,
			);
			path = Views;
			sourceTree = "<group>";
		};
		F0D232E424E80B2A0094070C /* Login */ = {
			isa = PBXGroup;
			children = (
				F0D232E524E80B3D0094070C /* LoginViewController.swift */,
				F0D232E924E80B500094070C /* LoginViewModel.swift */,
				F0D232E624E80B3D0094070C /* LoginViewController.xib */,
			);
			path = Login;
			sourceTree = "<group>";
		};
		F0D232EB24E80ED20094070C /* Extensions */ = {
			isa = PBXGroup;
			children = (
				F0D232EC24E80EF10094070C /* UIView+Extensions.swift */,
			);
			path = Extensions;
			sourceTree = "<group>";
		};
/* End PBXGroup section */

/* Begin PBXNativeTarget section */
		F0D232CB24E80AB90094070C /* iOS Challange */ = {
			isa = PBXNativeTarget;
			buildConfigurationList = F0D232E024E80ABA0094070C /* Build configuration list for PBXNativeTarget "iOS Challange" */;
			buildPhases = (
				1936BE3C6677835B1535670D /* [CP] Check Pods Manifest.lock */,
				F0D232C824E80AB90094070C /* Sources */,
				F0D232C924E80AB90094070C /* Frameworks */,
				F0D232CA24E80AB90094070C /* Resources */,
				4383A666B5DF504CC8135030 /* [CP] Embed Pods Frameworks */,
			);
			buildRules = (
			);
			dependencies = (
			);
			name = "iOS Challange";
			productName = "iOS Challange";
			productReference = F0D232CC24E80AB90094070C /* iOS Challange.app */;
			productType = "com.apple.product-type.application";
		};
/* End PBXNativeTarget section */

/* Begin PBXProject section */
		F0D232C424E80AB90094070C /* Project object */ = {
			isa = PBXProject;
			attributes = {
				LastSwiftUpdateCheck = 1150;
				LastUpgradeCheck = 1150;
				ORGANIZATIONNAME = "Steven Layug";
				TargetAttributes = {
					F0D232CB24E80AB90094070C = {
						CreatedOnToolsVersion = 11.5;
						LastSwiftMigration = 1150;
					};
				};
			};
			buildConfigurationList = F0D232C724E80AB90094070C /* Build configuration list for PBXProject "iOS Challange" */;
			compatibilityVersion = "Xcode 9.3";
			developmentRegion = en;
			hasScannedForEncodings = 0;
			knownRegions = (
				en,
				Base,
			);
			mainGroup = F0D232C324E80AB90094070C;
			productRefGroup = F0D232CD24E80AB90094070C /* Products */;
			projectDirPath = "";
			projectRoot = "";
			targets = (
				F0D232CB24E80AB90094070C /* iOS Challange */,
			);
		};
/* End PBXProject section */

/* Begin PBXResourcesBuildPhase section */
		F0D232CA24E80AB90094070C /* Resources */ = {
			isa = PBXResourcesBuildPhase;
			buildActionMask = 2147483647;
			files = (
				F0D232E824E80B3D0094070C /* LoginViewController.xib in Resources */,
				F0D232D624E80ABA0094070C /* Assets.xcassets in Resources */,
			);
			runOnlyForDeploymentPostprocessing = 0;
		};
/* End PBXResourcesBuildPhase section */

/* Begin PBXShellScriptBuildPhase section */
		1936BE3C6677835B1535670D /* [CP] Check Pods Manifest.lock */ = {
			isa = PBXShellScriptBuildPhase;
			buildActionMask = 2147483647;
			files = (
			);
			inputFileListPaths = (
			);
			inputPaths = (
				"${PODS_PODFILE_DIR_PATH}/Podfile.lock",
				"${PODS_ROOT}/Manifest.lock",
			);
			name = "[CP] Check Pods Manifest.lock";
			outputFileListPaths = (
			);
			outputPaths = (
				"$(DERIVED_FILE_DIR)/Pods-iOS Challange-checkManifestLockResult.txt",
			);
			runOnlyForDeploymentPostprocessing = 0;
			shellPath = /bin/sh;
			shellScript = "diff \"${PODS_PODFILE_DIR_PATH}/Podfile.lock\" \"${PODS_ROOT}/Manifest.lock\" > /dev/null\nif [ $? != 0 ] ; then\n    # print error to STDERR\n    echo \"error: The sandbox is not in sync with the Podfile.lock. Run 'pod install' or update your CocoaPods installation.\" >&2\n    exit 1\nfi\n# This output is used by Xcode 'outputs' to avoid re-running this script phase.\necho \"SUCCESS\" > \"${SCRIPT_OUTPUT_FILE_0}\"\n";
			showEnvVarsInLog = 0;
		};
		4383A666B5DF504CC8135030 /* [CP] Embed Pods Frameworks */ = {
			isa = PBXShellScriptBuildPhase;
			buildActionMask = 2147483647;
			files = (
			);
			inputFileListPaths = (
				"${PODS_ROOT}/Target Support Files/Pods-iOS Challange/Pods-iOS Challange-frameworks-${CONFIGURATION}-input-files.xcfilelist",
			);
			name = "[CP] Embed Pods Frameworks";
			outputFileListPaths = (
				"${PODS_ROOT}/Target Support Files/Pods-iOS Challange/Pods-iOS Challange-frameworks-${CONFIGURATION}-output-files.xcfilelist",
			);
			runOnlyForDeploymentPostprocessing = 0;
			shellPath = /bin/sh;
			shellScript = "\"${PODS_ROOT}/Target Support Files/Pods-iOS Challange/Pods-iOS Challange-frameworks.sh\"\n";
			showEnvVarsInLog = 0;
		};
/* End PBXShellScriptBuildPhase section */

/* Begin PBXSourcesBuildPhase section */
		F0D232C824E80AB90094070C /* Sources */ = {
			isa = PBXSourcesBuildPhase;
			buildActionMask = 2147483647;
			files = (
				F0D232ED24E80EF10094070C /* UIView+Extensions.swift in Sources */,
				F0D232E724E80B3D0094070C /* LoginViewController.swift in Sources */,
				F0D232D024E80AB90094070C /* AppDelegate.swift in Sources */,
				F0D232D224E80AB90094070C /* SceneDelegate.swift in Sources */,
				F018EB1C24E93F2400A2F4F1 /* SQLiteManager.swift in Sources */,
				F0D232EA24E80B500094070C /* LoginViewModel.swift in Sources */,
				F0D232D424E80AB90094070C /* ContentView.swift in Sources */,
			);
			runOnlyForDeploymentPostprocessing = 0;
		};
/* End PBXSourcesBuildPhase section */

/* Begin XCBuildConfiguration section */
		F0D232DE24E80ABA0094070C /* Debug */ = {
			isa = XCBuildConfiguration;
			buildSettings = {
				ALWAYS_SEARCH_USER_PATHS = NO;
				CLANG_ANALYZER_NONNULL = YES;
				CLANG_ANALYZER_NUMBER_OBJECT_CONVERSION = YES_AGGRESSIVE;
				CLANG_CXX_LANGUAGE_STANDARD = "gnu++14";
				CLANG_CXX_LIBRARY = "libc++";
				CLANG_ENABLE_MODULES = YES;
				CLANG_ENABLE_OBJC_ARC = YES;
				CLANG_ENABLE_OBJC_WEAK = YES;
				CLANG_WARN_BLOCK_CAPTURE_AUTORELEASING = YES;
				CLANG_WARN_BOOL_CONVERSION = YES;
				CLANG_WARN_COMMA = YES;
				CLANG_WARN_CONSTANT_CONVERSION = YES;
				CLANG_WARN_DEPRECATED_OBJC_IMPLEMENTATIONS = YES;
				CLANG_WARN_DIRECT_OBJC_ISA_USAGE = YES_ERROR;
				CLANG_WARN_DOCUMENTATION_COMMENTS = YES;
				CLANG_WARN_EMPTY_BODY = YES;
				CLANG_WARN_ENUM_CONVERSION = YES;
				CLANG_WARN_INFINITE_RECURSION = YES;
				CLANG_WARN_INT_CONVERSION = YES;
				CLANG_WARN_NON_LITERAL_NULL_CONVERSION = YES;
				CLANG_WARN_OBJC_IMPLICIT_RETAIN_SELF = YES;
				CLANG_WARN_OBJC_LITERAL_CONVERSION = YES;
				CLANG_WARN_OBJC_ROOT_CLASS = YES_ERROR;
				CLANG_WARN_RANGE_LOOP_ANALYSIS = YES;
				CLANG_WARN_STRICT_PROTOTYPES = YES;
				CLANG_WARN_SUSPICIOUS_MOVE = YES;
				CLANG_WARN_UNGUARDED_AVAILABILITY = YES_AGGRESSIVE;
				CLANG_WARN_UNREACHABLE_CODE = YES;
				CLANG_WARN__DUPLICATE_METHOD_MATCH = YES;
				COPY_PHASE_STRIP = NO;
				DEBUG_INFORMATION_FORMAT = dwarf;
				ENABLE_STRICT_OBJC_MSGSEND = YES;
				ENABLE_TESTABILITY = YES;
				GCC_C_LANGUAGE_STANDARD = gnu11;
				GCC_DYNAMIC_NO_PIC = NO;
				GCC_NO_COMMON_BLOCKS = YES;
				GCC_OPTIMIZATION_LEVEL = 0;
				GCC_PREPROCESSOR_DEFINITIONS = (
					"DEBUG=1",
					"$(inherited)",
				);
				GCC_WARN_64_TO_32_BIT_CONVERSION = YES;
				GCC_WARN_ABOUT_RETURN_TYPE = YES_ERROR;
				GCC_WARN_UNDECLARED_SELECTOR = YES;
				GCC_WARN_UNINITIALIZED_AUTOS = YES_AGGRESSIVE;
				GCC_WARN_UNUSED_FUNCTION = YES;
				GCC_WARN_UNUSED_VARIABLE = YES;
				IPHONEOS_DEPLOYMENT_TARGET = 13.5;
				MTL_ENABLE_DEBUG_INFO = INCLUDE_SOURCE;
				MTL_FAST_MATH = YES;
				ONLY_ACTIVE_ARCH = YES;
				SDKROOT = iphoneos;
				SWIFT_ACTIVE_COMPILATION_CONDITIONS = DEBUG;
				SWIFT_OPTIMIZATION_LEVEL = "-Onone";
			};
			name = Debug;
		};
		F0D232DF24E80ABA0094070C /* Release */ = {
			isa = XCBuildConfiguration;
			buildSettings = {
				ALWAYS_SEARCH_USER_PATHS = NO;
				CLANG_ANALYZER_NONNULL = YES;
				CLANG_ANALYZER_NUMBER_OBJECT_CONVERSION = YES_AGGRESSIVE;
				CLANG_CXX_LANGUAGE_STANDARD = "gnu++14";
				CLANG_CXX_LIBRARY = "libc++";
				CLANG_ENABLE_MODULES = YES;
				CLANG_ENABLE_OBJC_ARC = YES;
				CLANG_ENABLE_OBJC_WEAK = YES;
				CLANG_WARN_BLOCK_CAPTURE_AUTORELEASING = YES;
				CLANG_WARN_BOOL_CONVERSION = YES;
				CLANG_WARN_COMMA = YES;
				CLANG_WARN_CONSTANT_CONVERSION = YES;
				CLANG_WARN_DEPRECATED_OBJC_IMPLEMENTATIONS = YES;
				CLANG_WARN_DIRECT_OBJC_ISA_USAGE = YES_ERROR;
				CLANG_WARN_DOCUMENTATION_COMMENTS = YES;
				CLANG_WARN_EMPTY_BODY = YES;
				CLANG_WARN_ENUM_CONVERSION = YES;
				CLANG_WARN_INFINITE_RECURSION = YES;
				CLANG_WARN_INT_CONVERSION = YES;
				CLANG_WARN_NON_LITERAL_NULL_CONVERSION = YES;
				CLANG_WARN_OBJC_IMPLICIT_RETAIN_SELF = YES;
				CLANG_WARN_OBJC_LITERAL_CONVERSION = YES;
				CLANG_WARN_OBJC_ROOT_CLASS = YES_ERROR;
				CLANG_WARN_RANGE_LOOP_ANALYSIS = YES;
				CLANG_WARN_STRICT_PROTOTYPES = YES;
				CLANG_WARN_SUSPICIOUS_MOVE = YES;
				CLANG_WARN_UNGUARDED_AVAILABILITY = YES_AGGRESSIVE;
				CLANG_WARN_UNREACHABLE_CODE = YES;
				CLANG_WARN__DUPLICATE_METHOD_MATCH = YES;
				COPY_PHASE_STRIP = NO;
				DEBUG_INFORMATION_FORMAT = "dwarf-with-dsym";
				ENABLE_NS_ASSERTIONS = NO;
				ENABLE_STRICT_OBJC_MSGSEND = YES;
				GCC_C_LANGUAGE_STANDARD = gnu11;
				GCC_NO_COMMON_BLOCKS = YES;
				GCC_WARN_64_TO_32_BIT_CONVERSION = YES;
				GCC_WARN_ABOUT_RETURN_TYPE = YES_ERROR;
				GCC_WARN_UNDECLARED_SELECTOR = YES;
				GCC_WARN_UNINITIALIZED_AUTOS = YES_AGGRESSIVE;
				GCC_WARN_UNUSED_FUNCTION = YES;
				GCC_WARN_UNUSED_VARIABLE = YES;
				IPHONEOS_DEPLOYMENT_TARGET = 13.5;
				MTL_ENABLE_DEBUG_INFO = NO;
				MTL_FAST_MATH = YES;
				SDKROOT = iphoneos;
				SWIFT_COMPILATION_MODE = wholemodule;
				SWIFT_OPTIMIZATION_LEVEL = "-O";
				VALIDATE_PRODUCT = YES;
			};
			name = Release;
		};
		F0D232E124E80ABA0094070C /* Debug */ = {
			isa = XCBuildConfiguration;
			baseConfigurationReference = 078211529918576A738C84F4 /* Pods-iOS Challange.debug.xcconfig */;
			buildSettings = {
				ASSETCATALOG_COMPILER_APPICON_NAME = AppIcon;
				CLANG_ENABLE_MODULES = YES;
				CODE_SIGN_STYLE = Automatic;
				DEVELOPMENT_ASSET_PATHS = "";
				ENABLE_PREVIEWS = YES;
				INFOPLIST_FILE = "iOS Challange/Info.plist";
				LD_RUNPATH_SEARCH_PATHS = (
					"$(inherited)",
					"@executable_path/Frameworks",
				);
				PRODUCT_BUNDLE_IDENTIFIER = "com.cartrack.iOS-Challange";
				PRODUCT_NAME = "$(TARGET_NAME)";
				SWIFT_OBJC_BRIDGING_HEADER = "iOS Challange/iOS Challange-Bridging-Header.h";
				SWIFT_OPTIMIZATION_LEVEL = "-Onone";
				SWIFT_VERSION = 5.0;
				TARGETED_DEVICE_FAMILY = "1,2";
			};
			name = Debug;
		};
		F0D232E224E80ABA0094070C /* Release */ = {
			isa = XCBuildConfiguration;
			baseConfigurationReference = 431B3D9CA3E6A924ADCB8B43 /* Pods-iOS Challange.release.xcconfig */;
			buildSettings = {
				ASSETCATALOG_COMPILER_APPICON_NAME = AppIcon;
				CLANG_ENABLE_MODULES = YES;
				CODE_SIGN_STYLE = Automatic;
				DEVELOPMENT_ASSET_PATHS = "";
				ENABLE_PREVIEWS = YES;
				INFOPLIST_FILE = "iOS Challange/Info.plist";
				LD_RUNPATH_SEARCH_PATHS = (
					"$(inherited)",
					"@executable_path/Frameworks",
				);
				PRODUCT_BUNDLE_IDENTIFIER = "com.cartrack.iOS-Challange";
				PRODUCT_NAME = "$(TARGET_NAME)";
				SWIFT_OBJC_BRIDGING_HEADER = "iOS Challange/iOS Challange-Bridging-Header.h";
				SWIFT_VERSION = 5.0;
				TARGETED_DEVICE_FAMILY = "1,2";
			};
			name = Release;
		};
/* End XCBuildConfiguration section */

/* Begin XCConfigurationList section */
		F0D232C724E80AB90094070C /* Build configuration list for PBXProject "iOS Challange" */ = {
			isa = XCConfigurationList;
			buildConfigurations = (
				F0D232DE24E80ABA0094070C /* Debug */,
				F0D232DF24E80ABA0094070C /* Release */,
			);
			defaultConfigurationIsVisible = 0;
			defaultConfigurationName = Release;
		};
		F0D232E024E80ABA0094070C /* Build configuration list for PBXNativeTarget "iOS Challange" */ = {
			isa = XCConfigurationList;
			buildConfigurations = (
				F0D232E124E80ABA0094070C /* Debug */,
				F0D232E224E80ABA0094070C /* Release */,
			);
			defaultConfigurationIsVisible = 0;
			defaultConfigurationName = Release;
		};
/* End XCConfigurationList section */
	};
	rootObject = F0D232C424E80AB90094070C /* Project object */;
}
